
Microsoft Visual Studio Solution File, Format Version 12.00
# Visual Studio Version 16
VisualStudioVersion = 16.0.31605.320
MinimumVisualStudioVersion = 10.0.40219.1
Project("{FAE04EC0-301F-11D3-BF4B-00C04F79EFBC}") = "Project.Library.Management", "Project.Library.Management.csproj", "{8D74113B-8F7D-4E92-B319-78DB4347C7B5}"
EndProject
Project("{FAE04EC0-301F-11D3-BF4B-00C04F79EFBC}") = "Project.LibraryManagement.UnitTest", "..\Project.LibraryManagement.UnitTest\Project.LibraryManagement.UnitTest.csproj", "{1A1643B2-402F-46B8-B0CA-D984107BE873}"
EndProject
Global
	GlobalSection(SolutionConfigurationPlatforms) = preSolution
		Debug|Any CPU = Debug|Any CPU
		Release|Any CPU = Release|Any CPU
	EndGlobalSection
	GlobalSection(ProjectConfigurationPlatforms) = postSolution
		{8D74113B-8F7D-4E92-B319-78DB4347C7B5}.Debug|Any CPU.ActiveCfg = Debug|Any CPU
		{8D74113B-8F7D-4E92-B319-78DB4347C7B5}.Debug|Any CPU.Build.0 = Debug|Any CPU
		{8D74113B-8F7D-4E92-B319-78DB4347C7B5}.Release|Any CPU.ActiveCfg = Release|Any CPU
		{8D74113B-8F7D-4E92-B319-78DB4347C7B5}.Release|Any CPU.Build.0 = Release|Any CPU
		{1A1643B2-402F-46B8-B0CA-D984107BE873}.Debug|Any CPU.ActiveCfg = Debug|Any CPU
		{1A1643B2-402F-46B8-B0CA-D984107BE873}.Debug|Any CPU.Build.0 = Debug|Any CPU
		{1A1643B2-402F-46B8-B0CA-D984107BE873}.Release|Any CPU.ActiveCfg = Release|Any CPU
		{1A1643B2-402F-46B8-B0CA-D984107BE873}.Release|Any CPU.Build.0 = Release|Any CPU
	EndGlobalSection
	GlobalSection(SolutionProperties) = preSolution
		HideSolutionNode = FALSE
	EndGlobalSection
	GlobalSection(ExtensibilityGlobals) = postSolution
		SolutionGuid = {1861939D-DCFC-4555-B030-CDF35E3F4261}
	EndGlobalSection
EndGlobal
